
Microsoft Visual Studio Solution File, Format Version 12.00
# Visual Studio Version 17
VisualStudioVersion = 17.8.34330.188
MinimumVisualStudioVersion = 10.0.40219.1
Project("{8BC9CEB8-8B4A-11D0-8D11-00A0C91BC942}") = "rc2pot", "rc2pot\rc2pot.vcxproj", "{F05050BD-F5E0-48B3-892F-CBB0E297A422}"
EndProject
Project("{8BC9CEB8-8B4A-11D0-8D11-00A0C91BC942}") = "po2rc", "po2rc\po2rc.vcxproj", "{A40EEE22-29D5-4E78-B4FA-8320A0AFFCDC}"
EndProject
Project("{8BC9CEB8-8B4A-11D0-8D11-00A0C91BC942}") = "xlf2po", "xlf2po\xlf2po.vcxproj", "{35D3EF80-EF2F-4541-B108-83C8C87985F0}"
EndProject
Project("{8BC9CEB8-8B4A-11D0-8D11-00A0C91BC942}") = "lang2id", "lang2id\lang2id.vcxproj", "{DD172AAD-8690-488A-8FEC-77ABDAAC6E6D}"
EndProject
Project("{8BC9CEB8-8B4A-11D0-8D11-00A0C91BC942}") = "po2spell", "po2spell\po2spell.vcxproj", "{CCCCE3EA-06AA-497B-964C-BD2859102375}"
EndProject
Project("{8BC9CEB8-8B4A-11D0-8D11-00A0C91BC942}") = "xlf2rc", "xlf2rc\xlf2rc.vcxproj", "{B1A5530A-B433-4767-8A9B-5D29EE531496}"
EndProject
Project("{8BC9CEB8-8B4A-11D0-8D11-00A0C91BC942}") = "id2lang", "id2lang\id2lang.vcxproj", "{6C23ED22-899A-4BDD-866F-E2BAD5FEDBF7}"
EndProject
Global
	GlobalSection(SolutionConfigurationPlatforms) = preSolution
		Debug|x64 = Debug|x64
		Debug|x86 = Debug|x86
		Release|x64 = Release|x64
		Release|x86 = Release|x86
	EndGlobalSection
	GlobalSection(ProjectConfigurationPlatforms) = postSolution
		{F05050BD-F5E0-48B3-892F-CBB0E297A422}.Debug|x64.ActiveCfg = Debug|x64
		{F05050BD-F5E0-48B3-892F-CBB0E297A422}.Debug|x64.Build.0 = Debug|x64
		{F05050BD-F5E0-48B3-892F-CBB0E297A422}.Debug|x86.ActiveCfg = Debug|Win32
		{F05050BD-F5E0-48B3-892F-CBB0E297A422}.Debug|x86.Build.0 = Debug|Win32
		{F05050BD-F5E0-48B3-892F-CBB0E297A422}.Release|x64.ActiveCfg = Release|x64
		{F05050BD-F5E0-48B3-892F-CBB0E297A422}.Release|x64.Build.0 = Release|x64
		{F05050BD-F5E0-48B3-892F-CBB0E297A422}.Release|x86.ActiveCfg = Release|Win32
		{F05050BD-F5E0-48B3-892F-CBB0E297A422}.Release|x86.Build.0 = Release|Win32
		{A40EEE22-29D5-4E78-B4FA-8320A0AFFCDC}.Debug|x64.ActiveCfg = Debug|x64
		{A40EEE22-29D5-4E78-B4FA-8320A0AFFCDC}.Debug|x64.Build.0 = Debug|x64
		{A40EEE22-29D5-4E78-B4FA-8320A0AFFCDC}.Debug|x86.ActiveCfg = Debug|Win32
		{A40EEE22-29D5-4E78-B4FA-8320A0AFFCDC}.Debug|x86.Build.0 = Debug|Win32
		{A40EEE22-29D5-4E78-B4FA-8320A0AFFCDC}.Release|x64.ActiveCfg = Release|x64
		{A40EEE22-29D5-4E78-B4FA-8320A0AFFCDC}.Release|x64.Build.0 = Release|x64
		{A40EEE22-29D5-4E78-B4FA-8320A0AFFCDC}.Release|x86.ActiveCfg = Release|Win32
		{A40EEE22-29D5-4E78-B4FA-8320A0AFFCDC}.Release|x86.Build.0 = Release|Win32
		{35D3EF80-EF2F-4541-B108-83C8C87985F0}.Debug|x64.ActiveCfg = Debug|x64
		{35D3EF80-EF2F-4541-B108-83C8C87985F0}.Debug|x64.Build.0 = Debug|x64
		{35D3EF80-EF2F-4541-B108-83C8C87985F0}.Debug|x86.ActiveCfg = Debug|Win32
		{35D3EF80-EF2F-4541-B108-83C8C87985F0}.Debug|x86.Build.0 = Debug|Win32
		{35D3EF80-EF2F-4541-B108-83C8C87985F0}.Release|x64.ActiveCfg = Release|x64
		{35D3EF80-EF2F-4541-B108-83C8C87985F0}.Release|x64.Build.0 = Release|x64
		{35D3EF80-EF2F-4541-B108-83C8C87985F0}.Release|x86.ActiveCfg = Release|Win32
		{35D3EF80-EF2F-4541-B108-83C8C87985F0}.Release|x86.Build.0 = Release|Win32
		{DD172AAD-8690-488A-8FEC-77ABDAAC6E6D}.Debug|x64.ActiveCfg = Debug|x64
		{DD172AAD-8690-488A-8FEC-77ABDAAC6E6D}.Debug|x64.Build.0 = Debug|x64
		{DD172AAD-8690-488A-8FEC-77ABDAAC6E6D}.Debug|x86.ActiveCfg = Debug|Win32
		{DD172AAD-8690-488A-8FEC-77ABDAAC6E6D}.Debug|x86.Build.0 = Debug|Win32
		{DD172AAD-8690-488A-8FEC-77ABDAAC6E6D}.Release|x64.ActiveCfg = Release|x64
		{DD172AAD-8690-488A-8FEC-77ABDAAC6E6D}.Release|x64.Build.0 = Release|x64
		{DD172AAD-8690-488A-8FEC-77ABDAAC6E6D}.Release|x86.ActiveCfg = Release|Win32
		{DD172AAD-8690-488A-8FEC-77ABDAAC6E6D}.Release|x86.Build.0 = Release|Win32
		{CCCCE3EA-06AA-497B-964C-BD2859102375}.Debug|x64.ActiveCfg = Debug|x64
		{CCCCE3EA-06AA-497B-964C-BD2859102375}.Debug|x64.Build.0 = Debug|x64
		{CCCCE3EA-06AA-497B-964C-BD2859102375}.Debug|x86.ActiveCfg = Debug|Win32
		{CCCCE3EA-06AA-497B-964C-BD2859102375}.Debug|x86.Build.0 = Debug|Win32
		{CCCCE3EA-06AA-497B-964C-BD2859102375}.Release|x64.ActiveCfg = Release|x64
		{CCCCE3EA-06AA-497B-964C-BD2859102375}.Release|x64.Build.0 = Release|x64
		{CCCCE3EA-06AA-497B-964C-BD2859102375}.Release|x86.ActiveCfg = Release|Win32
		{CCCCE3EA-06AA-497B-964C-BD2859102375}.Release|x86.Build.0 = Release|Win32
		{B1A5530A-B433-4767-8A9B-5D29EE531496}.Debug|x64.ActiveCfg = Debug|x64
		{B1A5530A-B433-4767-8A9B-5D29EE531496}.Debug|x64.Build.0 = Debug|x64
		{B1A5530A-B433-4767-8A9B-5D29EE531496}.Debug|x86.ActiveCfg = Debug|Win32
		{B1A5530A-B433-4767-8A9B-5D29EE531496}.Debug|x86.Build.0 = Debug|Win32
		{B1A5530A-B433-4767-8A9B-5D29EE531496}.Release|x64.ActiveCfg = Release|x64
		{B1A5530A-B433-4767-8A9B-5D29EE531496}.Release|x64.Build.0 = Release|x64
		{B1A5530A-B433-4767-8A9B-5D29EE531496}.Release|x86.ActiveCfg = Release|Win32
		{B1A5530A-B433-4767-8A9B-5D29EE531496}.Release|x86.Build.0 = Release|Win32
		{6C23ED22-899A-4BDD-866F-E2BAD5FEDBF7}.Debug|x64.ActiveCfg = Debug|x64
		{6C23ED22-899A-4BDD-866F-E2BAD5FEDBF7}.Debug|x64.Build.0 = Debug|x64
		{6C23ED22-899A-4BDD-866F-E2BAD5FEDBF7}.Debug|x86.ActiveCfg = Debug|Win32
		{6C23ED22-899A-4BDD-866F-E2BAD5FEDBF7}.Debug|x86.Build.0 = Debug|Win32
		{6C23ED22-899A-4BDD-866F-E2BAD5FEDBF7}.Release|x64.ActiveCfg = Release|x64
		{6C23ED22-899A-4BDD-866F-E2BAD5FEDBF7}.Release|x64.Build.0 = Release|x64
		{6C23ED22-899A-4BDD-866F-E2BAD5FEDBF7}.Release|x86.ActiveCfg = Release|Win32
		{6C23ED22-899A-4BDD-866F-E2BAD5FEDBF7}.Release|x86.Build.0 = Release|Win32
	EndGlobalSection
	GlobalSection(SolutionProperties) = preSolution
		HideSolutionNode = FALSE
	EndGlobalSection
	GlobalSection(ExtensibilityGlobals) = postSolution
		SolutionGuid = {115490AB-0DCE-4474-963E-A3D378C9512C}
	EndGlobalSection
EndGlobal
